
Microsoft Visual Studio Solution File, Format Version 12.00
# Visual Studio 2013
VisualStudioVersion = 12.0.30723.0
MinimumVisualStudioVersion = 10.0.40219.1
Project("{FAE04EC0-301F-11D3-BF4B-00C04F79EFBC}") = "PasswordGenerator", "PasswordGenerator\PasswordGenerator.csproj", "{2A4443A3-BD70-4476-8C4C-D67C74260361}"
EndProject
Project("{CC5FD16D-436D-48AD-A40C-5A424C6E3E79}") = "PasswordGeneratorAzureService", "PasswordGeneratorAzureService\PasswordGeneratorAzureService.ccproj", "{B4BA151B-F0C0-4985-BE20-3C55F9FDC7CE}"
EndProject
Project("{FAE04EC0-301F-11D3-BF4B-00C04F79EFBC}") = "PasswordGeneratorWorkerRole", "PasswordGeneratorWorkerRole\PasswordGeneratorWorkerRole.csproj", "{6B374097-82A8-401B-A244-CB853A9FB737}"
EndProject
Project("{FAE04EC0-301F-11D3-BF4B-00C04F79EFBC}") = "PasswordGenerator.Activities", "PasswordGenerator.Activities\PasswordGenerator.Activities.csproj", "{EA3F3400-29E5-4638-97E5-9225167BF871}"
EndProject
Project("{FAE04EC0-301F-11D3-BF4B-00C04F79EFBC}") = "PasswordGenerator.Test", "PasswordGenerator.Test\PasswordGenerator.Test.csproj", "{F848C837-945D-4D2A-A4AE-3B4144557C44}"
EndProject
Global
	GlobalSection(SolutionConfigurationPlatforms) = preSolution
		Debug|Any CPU = Debug|Any CPU
		Release|Any CPU = Release|Any CPU
	EndGlobalSection
	GlobalSection(ProjectConfigurationPlatforms) = postSolution
		{2A4443A3-BD70-4476-8C4C-D67C74260361}.Debug|Any CPU.ActiveCfg = Debug|Any CPU
		{2A4443A3-BD70-4476-8C4C-D67C74260361}.Debug|Any CPU.Build.0 = Debug|Any CPU
		{2A4443A3-BD70-4476-8C4C-D67C74260361}.Release|Any CPU.ActiveCfg = Release|Any CPU
		{2A4443A3-BD70-4476-8C4C-D67C74260361}.Release|Any CPU.Build.0 = Release|Any CPU
		{B4BA151B-F0C0-4985-BE20-3C55F9FDC7CE}.Debug|Any CPU.ActiveCfg = Debug|Any CPU
		{B4BA151B-F0C0-4985-BE20-3C55F9FDC7CE}.Debug|Any CPU.Build.0 = Debug|Any CPU
		{B4BA151B-F0C0-4985-BE20-3C55F9FDC7CE}.Release|Any CPU.ActiveCfg = Release|Any CPU
		{B4BA151B-F0C0-4985-BE20-3C55F9FDC7CE}.Release|Any CPU.Build.0 = Release|Any CPU
		{6B374097-82A8-401B-A244-CB853A9FB737}.Debug|Any CPU.ActiveCfg = Debug|Any CPU
		{6B374097-82A8-401B-A244-CB853A9FB737}.Debug|Any CPU.Build.0 = Debug|Any CPU
		{6B374097-82A8-401B-A244-CB853A9FB737}.Release|Any CPU.ActiveCfg = Release|Any CPU
		{6B374097-82A8-401B-A244-CB853A9FB737}.Release|Any CPU.Build.0 = Release|Any CPU
		{EA3F3400-29E5-4638-97E5-9225167BF871}.Debug|Any CPU.ActiveCfg = Debug|Any CPU
		{EA3F3400-29E5-4638-97E5-9225167BF871}.Debug|Any CPU.Build.0 = Debug|Any CPU
		{EA3F3400-29E5-4638-97E5-9225167BF871}.Release|Any CPU.ActiveCfg = Release|Any CPU
		{EA3F3400-29E5-4638-97E5-9225167BF871}.Release|Any CPU.Build.0 = Release|Any CPU
		{F848C837-945D-4D2A-A4AE-3B4144557C44}.Debug|Any CPU.ActiveCfg = Debug|Any CPU
		{F848C837-945D-4D2A-A4AE-3B4144557C44}.Debug|Any CPU.Build.0 = Debug|Any CPU
		{F848C837-945D-4D2A-A4AE-3B4144557C44}.Release|Any CPU.ActiveCfg = Release|Any CPU
		{F848C837-945D-4D2A-A4AE-3B4144557C44}.Release|Any CPU.Build.0 = Release|Any CPU
	EndGlobalSection
	GlobalSection(SolutionProperties) = preSolution
		HideSolutionNode = FALSE
	EndGlobalSection
EndGlobal
